
Microsoft Visual Studio Solution File, Format Version 12.00
# Visual Studio Version 17
VisualStudioVersion = 17.14.36202.13 d17.14
MinimumVisualStudioVersion = 10.0.40219.1
Project("{FAE04EC0-301F-11D3-BF4B-00C04F79EFBC}") = "ApiCartao", "ApiCartao\ApiCartao.csproj", "{2AE88106-D0B4-440E-8DEC-DB0E10D3814C}"
EndProject
Global
	GlobalSection(SolutionConfigurationPlatforms) = preSolution
		Debug|Any CPU = Debug|Any CPU
		Release|Any CPU = Release|Any CPU
	EndGlobalSection
	GlobalSection(ProjectConfigurationPlatforms) = postSolution
		{2AE88106-D0B4-440E-8DEC-DB0E10D3814C}.Debug|Any CPU.ActiveCfg = Debug|Any CPU
		{2AE88106-D0B4-440E-8DEC-DB0E10D3814C}.Debug|Any CPU.Build.0 = Debug|Any CPU
		{2AE88106-D0B4-440E-8DEC-DB0E10D3814C}.Release|Any CPU.ActiveCfg = Release|Any CPU
		{2AE88106-D0B4-440E-8DEC-DB0E10D3814C}.Release|Any CPU.Build.0 = Release|Any CPU
	EndGlobalSection
	GlobalSection(SolutionProperties) = preSolution
		HideSolutionNode = FALSE
	EndGlobalSection
	GlobalSection(ExtensibilityGlobals) = postSolution
		SolutionGuid = {559095D2-DCBA-4BD0-87B0-DAEA6B859C26}
	EndGlobalSection
EndGlobal
